
Microsoft Visual Studio Solution File, Format Version 12.00
# Visual Studio Version 17
VisualStudioVersion = 17.8.34316.72
MinimumVisualStudioVersion = 10.0.40219.1
Project("{9A19103F-16F7-4668-BE54-9A1E7A4F7556}") = "Snake.WPF", "Snake.WPF\Snake.WPF.csproj", "{3C460DDA-783B-4EA7-A6BF-D61A540D4CAA}"
EndProject
Project("{9A19103F-16F7-4668-BE54-9A1E7A4F7556}") = "Snake.Model", "Snake.Model\Snake.Model.csproj", "{CEF45FA1-9933-48A7-B265-421D65FB3A87}"
EndProject
Project("{FAE04EC0-301F-11D3-BF4B-00C04F79EFBC}") = "SnakeTest", "SnakeTest\SnakeTest.csproj", "{89947E95-D91A-4588-8266-0EACD9105A48}"
EndProject
Global
	GlobalSection(SolutionConfigurationPlatforms) = preSolution
		Debug|Any CPU = Debug|Any CPU
		Release|Any CPU = Release|Any CPU
	EndGlobalSection
	GlobalSection(ProjectConfigurationPlatforms) = postSolution
		{3C460DDA-783B-4EA7-A6BF-D61A540D4CAA}.Debug|Any CPU.ActiveCfg = Debug|Any CPU
		{3C460DDA-783B-4EA7-A6BF-D61A540D4CAA}.Debug|Any CPU.Build.0 = Debug|Any CPU
		{3C460DDA-783B-4EA7-A6BF-D61A540D4CAA}.Release|Any CPU.ActiveCfg = Release|Any CPU
		{3C460DDA-783B-4EA7-A6BF-D61A540D4CAA}.Release|Any CPU.Build.0 = Release|Any CPU
		{CEF45FA1-9933-48A7-B265-421D65FB3A87}.Debug|Any CPU.ActiveCfg = Debug|Any CPU
		{CEF45FA1-9933-48A7-B265-421D65FB3A87}.Debug|Any CPU.Build.0 = Debug|Any CPU
		{CEF45FA1-9933-48A7-B265-421D65FB3A87}.Release|Any CPU.ActiveCfg = Release|Any CPU
		{CEF45FA1-9933-48A7-B265-421D65FB3A87}.Release|Any CPU.Build.0 = Release|Any CPU
		{89947E95-D91A-4588-8266-0EACD9105A48}.Debug|Any CPU.ActiveCfg = Debug|Any CPU
		{89947E95-D91A-4588-8266-0EACD9105A48}.Debug|Any CPU.Build.0 = Debug|Any CPU
		{89947E95-D91A-4588-8266-0EACD9105A48}.Release|Any CPU.ActiveCfg = Release|Any CPU
		{89947E95-D91A-4588-8266-0EACD9105A48}.Release|Any CPU.Build.0 = Release|Any CPU
	EndGlobalSection
	GlobalSection(SolutionProperties) = preSolution
		HideSolutionNode = FALSE
	EndGlobalSection
	GlobalSection(ExtensibilityGlobals) = postSolution
		SolutionGuid = {7CEC38D3-F4E9-48AF-86C3-91A8C7E5836C}
	EndGlobalSection
EndGlobal
